
Microsoft Visual Studio Solution File, Format Version 12.00
# Visual Studio Version 16
VisualStudioVersion = 16.0.32106.194
MinimumVisualStudioVersion = 10.0.40219.1
Project("{FAE04EC0-301F-11D3-BF4B-00C04F79EFBC}") = "Exame_2022", "Exame_2022\Exame_2022.csproj", "{CC7A9B8E-7ECE-4619-8833-7757795EBDF0}"
EndProject
Global
	GlobalSection(SolutionConfigurationPlatforms) = preSolution
		Debug|Any CPU = Debug|Any CPU
		Release|Any CPU = Release|Any CPU
	EndGlobalSection
	GlobalSection(ProjectConfigurationPlatforms) = postSolution
		{CC7A9B8E-7ECE-4619-8833-7757795EBDF0}.Debug|Any CPU.ActiveCfg = Debug|Any CPU
		{CC7A9B8E-7ECE-4619-8833-7757795EBDF0}.Debug|Any CPU.Build.0 = Debug|Any CPU
		{CC7A9B8E-7ECE-4619-8833-7757795EBDF0}.Release|Any CPU.ActiveCfg = Release|Any CPU
		{CC7A9B8E-7ECE-4619-8833-7757795EBDF0}.Release|Any CPU.Build.0 = Release|Any CPU
	EndGlobalSection
	GlobalSection(SolutionProperties) = preSolution
		HideSolutionNode = FALSE
	EndGlobalSection
	GlobalSection(ExtensibilityGlobals) = postSolution
		SolutionGuid = {01B92AF1-2272-4559-8796-DF04985FC681}
	EndGlobalSection
EndGlobal
